
Microsoft Visual Studio Solution File, Format Version 12.00
# Visual Studio 2013
VisualStudioVersion = 12.0.30723.0
MinimumVisualStudioVersion = 10.0.40219.1
Project("{FAE04EC0-301F-11D3-BF4B-00C04F79EFBC}") = "swaps", "swaps\swaps.csproj", "{4578D737-2D1F-4420-B238-A7927AD862D4}"
EndProject
Global
	GlobalSection(SolutionConfigurationPlatforms) = preSolution
		Debug|Any CPU = Debug|Any CPU
		Debug|x64 = Debug|x64
		Release|Any CPU = Release|Any CPU
		Release|x64 = Release|x64
		Swaps.exe|Any CPU = Swaps.exe|Any CPU
		Swaps.exe|x64 = Swaps.exe|x64
	EndGlobalSection
	GlobalSection(ProjectConfigurationPlatforms) = postSolution
		{4578D737-2D1F-4420-B238-A7927AD862D4}.Debug|Any CPU.ActiveCfg = Debug|Any CPU
		{4578D737-2D1F-4420-B238-A7927AD862D4}.Debug|Any CPU.Build.0 = Debug|Any CPU
		{4578D737-2D1F-4420-B238-A7927AD862D4}.Debug|Any CPU.Deploy.0 = Debug|Any CPU
		{4578D737-2D1F-4420-B238-A7927AD862D4}.Debug|x64.ActiveCfg = Debug|x64
		{4578D737-2D1F-4420-B238-A7927AD862D4}.Debug|x64.Build.0 = Debug|x64
		{4578D737-2D1F-4420-B238-A7927AD862D4}.Release|Any CPU.ActiveCfg = Release|Any CPU
		{4578D737-2D1F-4420-B238-A7927AD862D4}.Release|Any CPU.Build.0 = Release|Any CPU
		{4578D737-2D1F-4420-B238-A7927AD862D4}.Release|x64.ActiveCfg = Release|x64
		{4578D737-2D1F-4420-B238-A7927AD862D4}.Release|x64.Build.0 = Release|x64
		{4578D737-2D1F-4420-B238-A7927AD862D4}.Swaps.exe|Any CPU.ActiveCfg = Release|Any CPU
		{4578D737-2D1F-4420-B238-A7927AD862D4}.Swaps.exe|Any CPU.Build.0 = Release|Any CPU
		{4578D737-2D1F-4420-B238-A7927AD862D4}.Swaps.exe|x64.ActiveCfg = Swaps.exe|x64
		{4578D737-2D1F-4420-B238-A7927AD862D4}.Swaps.exe|x64.Build.0 = Swaps.exe|x64
		{4578D737-2D1F-4420-B238-A7927AD862D4}.Swaps.exe|x64.Deploy.0 = Swaps.exe|x64
	EndGlobalSection
	GlobalSection(SolutionProperties) = preSolution
		HideSolutionNode = FALSE
	EndGlobalSection
EndGlobal
