
Microsoft Visual Studio Solution File, Format Version 12.00
# Visual Studio 2013
VisualStudioVersion = 12.0.31101.0
MinimumVisualStudioVersion = 10.0.40219.1
Project("{FAE04EC0-301F-11D3-BF4B-00C04F79EFBC}") = "BuySide-vs12_x64", "BuySide\BuySide-vs12_x64.csproj", "{4AFE420F-629D-45E2-B631-CDA5F37A1CE5}"
EndProject
Project("{FAE04EC0-301F-11D3-BF4B-00C04F79EFBC}") = "CustomRepeatingGroupSample-vs12_x64", "CustomRepeatingGroup\CustomRepeatingGroupSample-vs12_x64.csproj", "{E2C36BB2-E492-4FF8-B9CF-2E457E31D560}"
EndProject
Project("{FAE04EC0-301F-11D3-BF4B-00C04F79EFBC}") = "ExchangeEmulator-vs12_x64", "ExchangeEmulator\ExchangeEmulator-vs12_x64.csproj", "{5DBF6ECA-27A3-4FE3-89B9-8D12CF4E6EC1}"
EndProject
Project("{FAE04EC0-301F-11D3-BF4B-00C04F79EFBC}") = "FixmlConverter-vs12_x64", "FixmlConverter\FixmlConverter-vs12_x64.csproj", "{9383BB52-2C1C-42BC-812A-804391E52F4A}"
EndProject
Project("{FAE04EC0-301F-11D3-BF4B-00C04F79EFBC}") = "Helpers-vs12_x64", "Helpers\Helpers-vs12_x64.csproj", "{786B30A8-6B0A-4CF7-BEC6-A1B705E21C7B}"
EndProject
Project("{FAE04EC0-301F-11D3-BF4B-00C04F79EFBC}") = "PluggableSessionStorage-vs12_x64", "PluggableSessionStorage\PluggableSessionStorage-vs12_x64.csproj", "{A7DB7E1B-C37B-4E2D-8A3E-ECCE045F303F}"
EndProject
Project("{FAE04EC0-301F-11D3-BF4B-00C04F79EFBC}") = "RepeatingGroupSample-vs12_x64", "RepeatingGroup\RepeatingGroupSample-vs12_x64.csproj", "{F1402709-F98F-4BED-B268-16F74C82DD32}"
EndProject
Project("{FAE04EC0-301F-11D3-BF4B-00C04F79EFBC}") = "SellSide-vs12_x64", "SellSide\SellSide-vs12_x64.csproj", "{0E9916B1-4EE4-496A-864D-57514FF4CAEA}"
EndProject
Project("{FAE04EC0-301F-11D3-BF4B-00C04F79EFBC}") = "SellSideWindowsService-vs12_x64", "SellSideWindowsService\SellSideWindowsService-vs12_x64.csproj", "{1F056D2A-7303-423B-A4B9-E9DD043B44A4}"
EndProject
Project("{FAE04EC0-301F-11D3-BF4B-00C04F79EFBC}") = "SessionScheduler-vs12_x64", "SessionScheduler\SessionScheduler-vs12_x64.csproj", "{9180CB99-AB55-4B48-B001-F6E2B6919750}"
EndProject
Project("{FAE04EC0-301F-11D3-BF4B-00C04F79EFBC}") = "TradingClient-vs12_x64", "TradingClient\TradingClient-vs12_x64.csproj", "{53D26577-A9FF-4A74-82F2-37851B118280}"
EndProject
Project("{FAE04EC0-301F-11D3-BF4B-00C04F79EFBC}") = "MessageFieldsIteration-vs12_x64", "MessageFieldsIteration\MessageFieldsIteration-vs12_x64.csproj", "{F78A9613-1FA4-4D2E-876B-EE90EE7E13D0}"
EndProject
Project("{FAE04EC0-301F-11D3-BF4B-00C04F79EFBC}") = "TypedMessagesSample-vs12_x64", "TypedMessages\TypedMessagesSample-vs12_x64.csproj", "{E6232650-FDE2-44EB-8867-B2DBD4372917}"
EndProject
Global
	GlobalSection(SolutionConfigurationPlatforms) = preSolution
		Debug|x64 = Debug|x64
		Release|x64 = Release|x64
	EndGlobalSection
	GlobalSection(ProjectConfigurationPlatforms) = postSolution
		{4AFE420F-629D-45E2-B631-CDA5F37A1CE5}.Debug|x64.ActiveCfg = Debug|x64
		{4AFE420F-629D-45E2-B631-CDA5F37A1CE5}.Debug|x64.Build.0 = Debug|x64
		{4AFE420F-629D-45E2-B631-CDA5F37A1CE5}.Release|x64.ActiveCfg = Release|x64
		{4AFE420F-629D-45E2-B631-CDA5F37A1CE5}.Release|x64.Build.0 = Release|x64
		{E2C36BB2-E492-4FF8-B9CF-2E457E31D560}.Debug|x64.ActiveCfg = Debug|x64
		{E2C36BB2-E492-4FF8-B9CF-2E457E31D560}.Debug|x64.Build.0 = Debug|x64
		{E2C36BB2-E492-4FF8-B9CF-2E457E31D560}.Release|x64.ActiveCfg = Release|x64
		{E2C36BB2-E492-4FF8-B9CF-2E457E31D560}.Release|x64.Build.0 = Release|x64
		{5DBF6ECA-27A3-4FE3-89B9-8D12CF4E6EC1}.Debug|x64.ActiveCfg = Debug|x64
		{5DBF6ECA-27A3-4FE3-89B9-8D12CF4E6EC1}.Debug|x64.Build.0 = Debug|x64
		{5DBF6ECA-27A3-4FE3-89B9-8D12CF4E6EC1}.Release|x64.ActiveCfg = Release|x64
		{5DBF6ECA-27A3-4FE3-89B9-8D12CF4E6EC1}.Release|x64.Build.0 = Release|x64
		{9383BB52-2C1C-42BC-812A-804391E52F4A}.Debug|x64.ActiveCfg = Debug|x64
		{9383BB52-2C1C-42BC-812A-804391E52F4A}.Debug|x64.Build.0 = Debug|x64
		{9383BB52-2C1C-42BC-812A-804391E52F4A}.Release|x64.ActiveCfg = Release|x64
		{9383BB52-2C1C-42BC-812A-804391E52F4A}.Release|x64.Build.0 = Release|x64
		{786B30A8-6B0A-4CF7-BEC6-A1B705E21C7B}.Debug|x64.ActiveCfg = Debug|x64
		{786B30A8-6B0A-4CF7-BEC6-A1B705E21C7B}.Debug|x64.Build.0 = Debug|x64
		{786B30A8-6B0A-4CF7-BEC6-A1B705E21C7B}.Release|x64.ActiveCfg = Release|x64
		{786B30A8-6B0A-4CF7-BEC6-A1B705E21C7B}.Release|x64.Build.0 = Release|x64
		{A7DB7E1B-C37B-4E2D-8A3E-ECCE045F303F}.Debug|x64.ActiveCfg = Debug|x64
		{A7DB7E1B-C37B-4E2D-8A3E-ECCE045F303F}.Debug|x64.Build.0 = Debug|x64
		{A7DB7E1B-C37B-4E2D-8A3E-ECCE045F303F}.Release|x64.ActiveCfg = Release|x64
		{A7DB7E1B-C37B-4E2D-8A3E-ECCE045F303F}.Release|x64.Build.0 = Release|x64
		{F1402709-F98F-4BED-B268-16F74C82DD32}.Debug|x64.ActiveCfg = Debug|x64
		{F1402709-F98F-4BED-B268-16F74C82DD32}.Debug|x64.Build.0 = Debug|x64
		{F1402709-F98F-4BED-B268-16F74C82DD32}.Release|x64.ActiveCfg = Release|x64
		{F1402709-F98F-4BED-B268-16F74C82DD32}.Release|x64.Build.0 = Release|x64
		{0E9916B1-4EE4-496A-864D-57514FF4CAEA}.Debug|x64.ActiveCfg = Debug|x64
		{0E9916B1-4EE4-496A-864D-57514FF4CAEA}.Debug|x64.Build.0 = Debug|x64
		{0E9916B1-4EE4-496A-864D-57514FF4CAEA}.Release|x64.ActiveCfg = Release|x64
		{0E9916B1-4EE4-496A-864D-57514FF4CAEA}.Release|x64.Build.0 = Release|x64
		{1F056D2A-7303-423B-A4B9-E9DD043B44A4}.Debug|x64.ActiveCfg = Debug|x64
		{1F056D2A-7303-423B-A4B9-E9DD043B44A4}.Debug|x64.Build.0 = Debug|x64
		{1F056D2A-7303-423B-A4B9-E9DD043B44A4}.Release|x64.ActiveCfg = Release|x64
		{1F056D2A-7303-423B-A4B9-E9DD043B44A4}.Release|x64.Build.0 = Release|x64
		{9180CB99-AB55-4B48-B001-F6E2B6919750}.Debug|x64.ActiveCfg = Debug|x64
		{9180CB99-AB55-4B48-B001-F6E2B6919750}.Debug|x64.Build.0 = Debug|x64
		{9180CB99-AB55-4B48-B001-F6E2B6919750}.Release|x64.ActiveCfg = Release|x64
		{9180CB99-AB55-4B48-B001-F6E2B6919750}.Release|x64.Build.0 = Release|x64
		{53D26577-A9FF-4A74-82F2-37851B118280}.Debug|x64.ActiveCfg = Debug|x64
		{53D26577-A9FF-4A74-82F2-37851B118280}.Debug|x64.Build.0 = Debug|x64
		{53D26577-A9FF-4A74-82F2-37851B118280}.Release|x64.ActiveCfg = Release|x64
		{53D26577-A9FF-4A74-82F2-37851B118280}.Release|x64.Build.0 = Release|x64
		{F78A9613-1FA4-4D2E-876B-EE90EE7E13D0}.Debug|x64.ActiveCfg = Debug|x64
		{F78A9613-1FA4-4D2E-876B-EE90EE7E13D0}.Debug|x64.Build.0 = Debug|x64
		{F78A9613-1FA4-4D2E-876B-EE90EE7E13D0}.Release|x64.ActiveCfg = Release|x64
		{F78A9613-1FA4-4D2E-876B-EE90EE7E13D0}.Release|x64.Build.0 = Release|x64
		{E6232650-FDE2-44EB-8867-B2DBD4372917}.Debug|x64.ActiveCfg = Debug|x64
		{E6232650-FDE2-44EB-8867-B2DBD4372917}.Debug|x64.Build.0 = Debug|x64
		{E6232650-FDE2-44EB-8867-B2DBD4372917}.Release|x64.ActiveCfg = Release|x64
		{E6232650-FDE2-44EB-8867-B2DBD4372917}.Release|x64.Build.0 = Release|x64
	EndGlobalSection
	GlobalSection(SolutionProperties) = preSolution
		HideSolutionNode = FALSE
	EndGlobalSection
EndGlobal
