
Microsoft Visual Studio Solution File, Format Version 9.00
# Visual Studio 2005
Project("{FAE04EC0-301F-11D3-BF4B-00C04F79EFBC}") = "SocketEngineBasic", "SocketEngineBasic.csproj", "{438E0F0A-3973-46B1-9A2E-23088D18272D}"
EndProject
Global
	GlobalSection(SolutionConfigurationPlatforms) = preSolution
		Debug|Any CPU = Debug|Any CPU
		Release|Any CPU = Release|Any CPU
	EndGlobalSection
	GlobalSection(ProjectConfigurationPlatforms) = postSolution
		{438E0F0A-3973-46B1-9A2E-23088D18272D}.Debug|Any CPU.ActiveCfg = Debug|Any CPU
		{438E0F0A-3973-46B1-9A2E-23088D18272D}.Debug|Any CPU.Build.0 = Debug|Any CPU
		{438E0F0A-3973-46B1-9A2E-23088D18272D}.Release|Any CPU.ActiveCfg = Release|Any CPU
		{438E0F0A-3973-46B1-9A2E-23088D18272D}.Release|Any CPU.Build.0 = Release|Any CPU
	EndGlobalSection
	GlobalSection(SolutionProperties) = preSolution
		HideSolutionNode = FALSE
	EndGlobalSection
EndGlobal
