Microsoft Visual Studio Solution File, Format Version 9.00
# Visual Studio 2005
Project("{FAE04EC0-301F-11D3-BF4B-00C04F79EFBC}") = "FIX4NET.Net", "Net\FIX4NET.Net.csproj", "{85047DA9-D7DF-4B92-A3B9-5DD6318F22F2}"
EndProject
Project("{FAE04EC0-301F-11D3-BF4B-00C04F79EFBC}") = "FIX4NET.MessageCache.FlatFile", "MessageCache\FlatFile\FIX4NET.MessageCache.FlatFile.csproj", "{7ED76F82-BF87-4DA9-8E99-911EB10A36F6}"
EndProject
Project("{FAE04EC0-301F-11D3-BF4B-00C04F79EFBC}") = "FIX4NET.FIX.FIX_4_2", "FIX\FIX_4_2\FIX4NET.FIX.FIX_4_2.csproj", "{933716E7-988D-49DE-A011-3D9408F49803}"
EndProject
Project("{FAE04EC0-301F-11D3-BF4B-00C04F79EFBC}") = "FIX4NET.FIX.FIX_4_4", "FIX\FIX_4_4\FIX4NET.FIX.FIX_4_4.csproj", "{DBA32206-17A3-40A5-A4F0-6BABEE6BBFD2}"
EndProject
Project("{FAE04EC0-301F-11D3-BF4B-00C04F79EFBC}") = "FIX4NET", "FIX4NET.csproj", "{78E3B874-1BD0-4E3E-82E0-5ECDF6633FB3}"
EndProject
Project("{FAE04EC0-301F-11D3-BF4B-00C04F79EFBC}") = "FIX4NET.FIX", "FIX\FIX4NET.FIX.csproj", "{B2877A82-9510-423A-8014-8B9017FF42B6}"
EndProject
Project("{FAE04EC0-301F-11D3-BF4B-00C04F79EFBC}") = "FIX4NET.Utils", "Utils\FIX4NET.Utils.csproj", "{5FB70920-F242-4B0C-9271-BED580F2C632}"
EndProject
Project("{FAE04EC0-301F-11D3-BF4B-00C04F79EFBC}") = "FIX4NET.FIX.FIX_4_0", "FIX\FIX_4_0\FIX4NET.FIX.FIX_4_0.csproj", "{93089E00-FA4D-47C6-8158-98B42FFEE24C}"
EndProject
Project("{FAE04EC0-301F-11D3-BF4B-00C04F79EFBC}") = "FIX4NET.Tests", "Tests\FIX4NET.Tests.csproj", "{7860124C-0F5C-4F5D-9FD3-C3690E711E7A}"
EndProject
Global
	GlobalSection(SolutionConfigurationPlatforms) = preSolution
		Debug|Any CPU = Debug|Any CPU
		Release|Any CPU = Release|Any CPU
	EndGlobalSection
	GlobalSection(ProjectConfigurationPlatforms) = postSolution
		{85047DA9-D7DF-4B92-A3B9-5DD6318F22F2}.Debug|Any CPU.ActiveCfg = Debug|Any CPU
		{85047DA9-D7DF-4B92-A3B9-5DD6318F22F2}.Debug|Any CPU.Build.0 = Debug|Any CPU
		{85047DA9-D7DF-4B92-A3B9-5DD6318F22F2}.Release|Any CPU.ActiveCfg = Release|Any CPU
		{85047DA9-D7DF-4B92-A3B9-5DD6318F22F2}.Release|Any CPU.Build.0 = Release|Any CPU
		{7ED76F82-BF87-4DA9-8E99-911EB10A36F6}.Debug|Any CPU.ActiveCfg = Debug|Any CPU
		{7ED76F82-BF87-4DA9-8E99-911EB10A36F6}.Debug|Any CPU.Build.0 = Debug|Any CPU
		{7ED76F82-BF87-4DA9-8E99-911EB10A36F6}.Release|Any CPU.ActiveCfg = Release|Any CPU
		{7ED76F82-BF87-4DA9-8E99-911EB10A36F6}.Release|Any CPU.Build.0 = Release|Any CPU
		{933716E7-988D-49DE-A011-3D9408F49803}.Debug|Any CPU.ActiveCfg = Debug|Any CPU
		{933716E7-988D-49DE-A011-3D9408F49803}.Debug|Any CPU.Build.0 = Debug|Any CPU
		{933716E7-988D-49DE-A011-3D9408F49803}.Release|Any CPU.ActiveCfg = Release|Any CPU
		{933716E7-988D-49DE-A011-3D9408F49803}.Release|Any CPU.Build.0 = Release|Any CPU
		{DBA32206-17A3-40A5-A4F0-6BABEE6BBFD2}.Debug|Any CPU.ActiveCfg = Debug|Any CPU
		{DBA32206-17A3-40A5-A4F0-6BABEE6BBFD2}.Debug|Any CPU.Build.0 = Debug|Any CPU
		{DBA32206-17A3-40A5-A4F0-6BABEE6BBFD2}.Release|Any CPU.ActiveCfg = Release|Any CPU
		{DBA32206-17A3-40A5-A4F0-6BABEE6BBFD2}.Release|Any CPU.Build.0 = Release|Any CPU
		{78E3B874-1BD0-4E3E-82E0-5ECDF6633FB3}.Debug|Any CPU.ActiveCfg = Debug|Any CPU
		{78E3B874-1BD0-4E3E-82E0-5ECDF6633FB3}.Debug|Any CPU.Build.0 = Debug|Any CPU
		{78E3B874-1BD0-4E3E-82E0-5ECDF6633FB3}.Release|Any CPU.ActiveCfg = Release|Any CPU
		{78E3B874-1BD0-4E3E-82E0-5ECDF6633FB3}.Release|Any CPU.Build.0 = Release|Any CPU
		{B2877A82-9510-423A-8014-8B9017FF42B6}.Debug|Any CPU.ActiveCfg = Debug|Any CPU
		{B2877A82-9510-423A-8014-8B9017FF42B6}.Debug|Any CPU.Build.0 = Debug|Any CPU
		{B2877A82-9510-423A-8014-8B9017FF42B6}.Release|Any CPU.ActiveCfg = Release|Any CPU
		{B2877A82-9510-423A-8014-8B9017FF42B6}.Release|Any CPU.Build.0 = Release|Any CPU
		{5FB70920-F242-4B0C-9271-BED580F2C632}.Debug|Any CPU.ActiveCfg = Debug|Any CPU
		{5FB70920-F242-4B0C-9271-BED580F2C632}.Debug|Any CPU.Build.0 = Debug|Any CPU
		{5FB70920-F242-4B0C-9271-BED580F2C632}.Release|Any CPU.ActiveCfg = Release|Any CPU
		{5FB70920-F242-4B0C-9271-BED580F2C632}.Release|Any CPU.Build.0 = Release|Any CPU
		{93089E00-FA4D-47C6-8158-98B42FFEE24C}.Debug|Any CPU.ActiveCfg = Debug|Any CPU
		{93089E00-FA4D-47C6-8158-98B42FFEE24C}.Debug|Any CPU.Build.0 = Debug|Any CPU
		{93089E00-FA4D-47C6-8158-98B42FFEE24C}.Release|Any CPU.ActiveCfg = Release|Any CPU
		{93089E00-FA4D-47C6-8158-98B42FFEE24C}.Release|Any CPU.Build.0 = Release|Any CPU
		{7860124C-0F5C-4F5D-9FD3-C3690E711E7A}.Debug|Any CPU.ActiveCfg = Debug|Any CPU
		{7860124C-0F5C-4F5D-9FD3-C3690E711E7A}.Debug|Any CPU.Build.0 = Debug|Any CPU
		{7860124C-0F5C-4F5D-9FD3-C3690E711E7A}.Release|Any CPU.ActiveCfg = Release|Any CPU
		{7860124C-0F5C-4F5D-9FD3-C3690E711E7A}.Release|Any CPU.Build.0 = Release|Any CPU
	EndGlobalSection
	GlobalSection(SolutionProperties) = preSolution
		HideSolutionNode = FALSE
	EndGlobalSection
EndGlobal
